{
  "name": "@enkore-jsr/autogenerate",
  "version": "0.0.0",
  "lockfileVersion": 3,
  "requires": true,
  "packages": {
    "": {
      "name": "@enkore-jsr/autogenerate",
      "version": "0.0.0",
      "license": "MIT",
      "devDependencies": {
        "@enkore-target/js-node": "^0.0.1",
        "@enkore-types/typescript": "^0.0.7",
        "@enkore/core": "^0.6.4",
        "@enkore/spec": "^0.213.0",
        "@enkore/target-js-utils": "^0.0.2",
        "enkore": "^0.0.16"
      }
    },
    "node_modules/@enkore-target/js-node": {
      "version": "0.0.1",
      "resolved": "https://registry.npmjs.org/@enkore-target/js-node/-/js-node-0.0.1.tgz",
      "integrity": "sha512-WnBfHhKcGQGPZHkRF3eNed/3UxwiiNZw3kaWpHia8EJzJnjv6vEROU7bZ1ksaWFcOeuDNlY9NiqBZb2SaDKOyA==",
      "dev": true,
      "license": "MIT",
      "peerDependencies": {
        "@types/node": ">=22.7.x"
      }
    },
    "node_modules/@enkore-types/typescript": {
      "version": "0.0.7",
      "resolved": "https://registry.npmjs.org/@enkore-types/typescript/-/typescript-0.0.7.tgz",
      "integrity": "sha512-tESNy5OCxDfieqT/HycYg1SC/uKCjifvPx57fAXf1hq9VEfpYBftlGQNJWA87tdCStoN+vWDyvrBVfxF+mk8sQ==",
      "dev": true,
      "license": "MIT",
      "engines": {
        "node": ">=23.6.x"
      }
    },
    "node_modules/@enkore/core": {
      "version": "0.6.4",
      "resolved": "https://registry.npmjs.org/@enkore/core/-/core-0.6.4.tgz",
      "integrity": "sha512-HsFzorXNMGcjn6u1IQOhP1QQwHBM6nwXZ8y9u+NSaXSifbhB1DDEnPLA4veS4PvJ41F09Z5bVuXSA2xH3eyjxA==",
      "dev": true,
      "license": "MIT"
    },
    "node_modules/@enkore/spec": {
      "version": "0.213.0",
      "resolved": "https://registry.npmjs.org/@enkore/spec/-/spec-0.213.0.tgz",
      "integrity": "sha512-fQ6JJ4jMYg4L/fa1dgaZ99GbydaWezonjzOGsWkjNwaeUt4pNPm9Jr/hxBKYKZBCp9QbHhih0QBly2vjWAlj3Q==",
      "dev": true,
      "license": "MIT"
    },
    "node_modules/@enkore/target-js-utils": {
      "version": "0.0.2",
      "resolved": "https://registry.npmjs.org/@enkore/target-js-utils/-/target-js-utils-0.0.2.tgz",
      "integrity": "sha512-s5Ck0L6TBMH1BSFrmLY2ub5vtJPKHeubVjDSOC0aQTirRW75qI8qxmckKNFfJHMS3TRc6dPk4MwMGG6nvaxyXw==",
      "dev": true,
      "license": "MIT",
      "engines": {
        "node": ">=23.6.x"
      }
    },
    "node_modules/@types/node": {
      "version": "22.14.0",
      "resolved": "https://registry.npmjs.org/@types/node/-/node-22.14.0.tgz",
      "integrity": "sha512-Kmpl+z84ILoG+3T/zQFyAJsU6EPTmOCj8/2+83fSN6djd6I4o7uOuGIH6vq3PrjY5BGitSbFuMN18j3iknubbA==",
      "dev": true,
      "license": "MIT",
      "peer": true,
      "dependencies": {
        "undici-types": "~6.21.0"
      }
    },
    "node_modules/enkore": {
      "version": "0.0.16",
      "resolved": "https://registry.npmjs.org/enkore/-/enkore-0.0.16.tgz",
      "integrity": "sha512-kgnPQB9rcS8gu0oW/7ErHpYQJvTcm0fIAOOILDaAMtyoWz259qAX+8PdBOH1RBzrV1yx1JnTZ+Q/LiSXXxJC9g==",
      "dev": true,
      "license": "MIT",
      "bin": {
        "enkore": "cli.mjs"
      }
    },
    "node_modules/undici-types": {
      "version": "6.21.0",
      "resolved": "https://registry.npmjs.org/undici-types/-/undici-types-6.21.0.tgz",
      "integrity": "sha512-iwDZqg0QAGrg9Rav5H4n0M64c3mkR59cJ6wQp+7C4nI0gsmExaedaYLNO44eT4AtBBwjbTiGPMlt2Md0T9H9JQ==",
      "dev": true,
      "license": "MIT",
      "peer": true
    }
  }
}
